<?xml version="1.0" encoding="UTF-8"?>
<Scheme
   version = "1.3">
   <BuildAction>
      <BuildActionEntries>
         <BuildActionEntry
            buildForRunning = "YES">
            <BuildableReference
               BuildableIdentifier = "primary"
               BlueprintIdentifier = "D45ADD1826C19BEE0029A305"
               BuildableName = "tableViewLearn.app"
               BlueprintName = "tableViewLearn"
               ReferencedContainer = "container:tableViewLearn.xcodeproj">
            </BuildableReference>
         </BuildActionEntry>
      </BuildActionEntries>
   </BuildAction>
   <LaunchAction
      useCustomWorkingDirectory = "NO"
      buildConfiguration = "Debug"
      allowLocationSimulation = "YES">
      <BuildableProductRunnable>
         <BuildableReference
            BuildableIdentifier = "primary"
            BlueprintIdentifier = "D45ADD1826C19BEE0029A305"
            BuildableName = "tableViewLearn.app"
            BlueprintName = "tableViewLearn"
            ReferencedContainer = "container:tableViewLearn.xcodeproj">
         </BuildableReference>
      </BuildableProductRunnable>
   </LaunchAction>
</Scheme>
