<?xml version="1.0" encoding="UTF-8"?>
<Scheme
   version = "1.3">
   <BuildAction>
      <BuildActionEntries>
         <BuildActionEntry
            buildForRunning = "YES">
            <BuildableReference
               BuildableIdentifier = "primary"
               BlueprintIdentifier = "37B21846A9B78CACB7169BFD"
               BuildableName = "tableViewLearn2.app"
               BlueprintName = "tableViewLearn2"
               ReferencedContainer = "container:tableViewLearn2.xcodeproj">
            </BuildableReference>
         </BuildActionEntry>
      </BuildActionEntries>
   </BuildAction>
   <LaunchAction
      useCustomWorkingDirectory = "NO"
      buildConfiguration = "Debug"
      allowLocationSimulation = "YES">
      <BuildableProductRunnable>
         <BuildableReference
            BuildableIdentifier = "primary"
            BlueprintIdentifier = "37B21846A9B78CACB7169BFD"
            BuildableName = "tableViewLearn2.app"
            BlueprintName = "tableViewLearn2"
            ReferencedContainer = "container:tableViewLearn2.xcodeproj">
         </BuildableReference>
      </BuildableProductRunnable>
   </LaunchAction>
</Scheme>
